<?xml version="1.0" encoding="UTF-8"?>
<!DOCTYPE plist PUBLIC "-//Apple//DTD PLIST 1.0//EN" "http://www.apple.com/DTDs/PropertyList-1.0.dtd">
<plist version="1.0">
<dict>
	<key>hostname</key>
	<string>Pranavs-AIR-1.local</string>
	<key>hostuuid</key>
	<string>82CFEA16-C3FD-50C8-9D1B-3D86180292D0</string>
	<key>pid</key>
	<integer>61028</integer>
	<key>processname</key>
	<string>photolibraryd</string>
	<key>uid</key>
	<integer>501</integer>
</dict>
</plist>
